
Microsoft Visual Studio Solution File, Format Version 12.00
# Visual Studio Version 16
VisualStudioVersion = 16.0.31624.102
MinimumVisualStudioVersion = 10.0.40219.1
Project("{FAE04EC0-301F-11D3-BF4B-00C04F79EFBC}") = "PatternsStudy", "PatternsStudy\PatternsStudy.csproj", "{FBFAA6E0-816E-4CEF-80F0-1A135A0CF422}"
EndProject
Global
	GlobalSection(SolutionConfigurationPlatforms) = preSolution
		Debug|Any CPU = Debug|Any CPU
		Release|Any CPU = Release|Any CPU
	EndGlobalSection
	GlobalSection(ProjectConfigurationPlatforms) = postSolution
		{FBFAA6E0-816E-4CEF-80F0-1A135A0CF422}.Debug|Any CPU.ActiveCfg = Debug|Any CPU
		{FBFAA6E0-816E-4CEF-80F0-1A135A0CF422}.Debug|Any CPU.Build.0 = Debug|Any CPU
		{FBFAA6E0-816E-4CEF-80F0-1A135A0CF422}.Release|Any CPU.ActiveCfg = Release|Any CPU
		{FBFAA6E0-816E-4CEF-80F0-1A135A0CF422}.Release|Any CPU.Build.0 = Release|Any CPU
	EndGlobalSection
	GlobalSection(SolutionProperties) = preSolution
		HideSolutionNode = FALSE
	EndGlobalSection
	GlobalSection(ExtensibilityGlobals) = postSolution
		SolutionGuid = {E22C4A2B-D483-403E-B744-FF3B661F4631}
	EndGlobalSection
EndGlobal
